<?xml version="1.0" encoding="utf-8"?>
<Project ToolsVersion="4.0" xmlns="http://schemas.microsoft.com/developer/msbuild/2003">
  <ItemGroup>
    <Filter Include="Source Files">
      <UniqueIdentifier>{4FC737F1-C7A5-4376-A066-2A32D752A2FF}</UniqueIdentifier>
      <Extensions>cpp;c;cc;cxx;c++;cppm;ixx;def;odl;idl;hpj;bat;asm;asmx</Extensions>
    </Filter>
    <Filter Include="Header Files">
      <UniqueIdentifier>{93995380-89BD-4b04-88EB-625FBE52EBFB}</UniqueIdentifier>
      <Extensions>h;hh;hpp;hxx;h++;hm;inl;inc;ipp;xsd</Extensions>
    </Filter>
    <Filter Include="Resource Files">
      <UniqueIdentifier>{67DA6AB6-F800-4c08-8B7A-83BB121AAD01}</UniqueIdentifier>
      <Extensions>rc;ico;cur;bmp;dlg;rc2;rct;bin;rgs;gif;jpg;jpeg;jpe;resx;tiff;tif;png;wav;mfcribbon-ms</Extensions>
    </Filter>
  </ItemGroup>
  <ItemGroup>
    <ClInclude Include="framework.h">
      <Filter>Header Files</Filter>
    </ClInclude>
    <ClInclude Include="pch.h">
      <Filter>Header Files</Filter>
    </ClInclude>
    <ClInclude Include="resource.h">
      <Filter>Header Files</Filter>
    </ClInclude>
  </ItemGroup>
  <ItemGroup>
    <ClCompile Include="dllmain.cpp">
      <Filter>Source Files</Filter>
    </ClCompile>
    <ClCompile Include="pch.cpp">
      <Filter>Source Files</Filter>
    </ClCompile>
  </ItemGroup>
  <ItemGroup>
    <ResourceCompile Include="xicons.rc">
      <Filter>Resource Files</Filter>
    </ResourceCompile>
  </ItemGroup>
  <ItemGroup>
    <Image Include="icons\blue_folder_3d_objects.ico">
      <Filter>Resource Files</Filter>
    </Image>
    <Image Include="icons\blue_folder_cloud.ico">
      <Filter>Resource Files</Filter>
    </Image>
    <Image Include="icons\blue_folder_contacts.ico">
      <Filter>Resource Files</Filter>
    </Image>
    <Image Include="icons\blue_folder_desktop.ico">
      <Filter>Resource Files</Filter>
    </Image>
    <Image Include="icons\blue_folder_documents.ico">
      <Filter>Resource Files</Filter>
    </Image>
    <Image Include="icons\blue_folder_downloads.ico">
      <Filter>Resource Files</Filter>
    </Image>
    <Image Include="icons\blue_folder_drive.ico">
      <Filter>Resource Files</Filter>
    </Image>
    <Image Include="icons\blue_folder_drop_box.ico">
      <Filter>Resource Files</Filter>
    </Image>
    <Image Include="icons\blue_folder_favorite.ico">
      <Filter>Resource Files</Filter>
    </Image>
    <Image Include="icons\blue_folder_folder.ico">
      <Filter>Resource Files</Filter>
    </Image>
    <Image Include="icons\blue_folder_games.ico">
      <Filter>Resource Files</Filter>
    </Image>
    <Image Include="icons\blue_folder_google_drive.ico">
      <Filter>Resource Files</Filter>
    </Image>
    <Image Include="icons\blue_folder_joystick.ico">
      <Filter>Resource Files</Filter>
    </Image>
    <Image Include="icons\blue_folder_link.ico">
      <Filter>Resource Files</Filter>
    </Image>
    <Image Include="icons\blue_folder_music.ico">
      <Filter>Resource Files</Filter>
    </Image>
    <Image Include="icons\blue_folder_pacman.ico">
      <Filter>Resource Files</Filter>
    </Image>
    <Image Include="icons\blue_folder_pictures.ico">
      <Filter>Resource Files</Filter>
    </Image>
    <Image Include="icons\blue_folder_search.ico">
      <Filter>Resource Files</Filter>
    </Image>
    <Image Include="icons\blue_folder_steam.ico">
      <Filter>Resource Files</Filter>
    </Image>
    <Image Include="icons\blue_folder_user.ico">
      <Filter>Resource Files</Filter>
    </Image>
    <Image Include="icons\blue_folder_videos.ico">
      <Filter>Resource Files</Filter>
    </Image>
    <Image Include="icons\blue_folder_zip.ico">
      <Filter>Resource Files</Filter>
    </Image>
    <Image Include="icons\green_folders 3d_objects.ico">
      <Filter>Resource Files</Filter>
    </Image>
    <Image Include="icons\green_folders_cloud.ico">
      <Filter>Resource Files</Filter>
    </Image>
    <Image Include="icons\green_folders_contacts.ico">
      <Filter>Resource Files</Filter>
    </Image>
    <Image Include="icons\green_folders_desktop.ico">
      <Filter>Resource Files</Filter>
    </Image>
    <Image Include="icons\green_folders_documents.ico">
      <Filter>Resource Files</Filter>
    </Image>
    <Image Include="icons\green_folders_downloads.ico">
      <Filter>Resource Files</Filter>
    </Image>
    <Image Include="icons\green_folders_drive.ico">
      <Filter>Resource Files</Filter>
    </Image>
    <Image Include="icons\green_folders_drop_box.ico">
      <Filter>Resource Files</Filter>
    </Image>
    <Image Include="icons\green_folders_favorite.ico">
      <Filter>Resource Files</Filter>
    </Image>
    <Image Include="icons\green_folders_folder.ico">
      <Filter>Resource Files</Filter>
    </Image>
    <Image Include="icons\green_folders_games.ico">
      <Filter>Resource Files</Filter>
    </Image>
    <Image Include="icons\green_folders_google_drive.ico">
      <Filter>Resource Files</Filter>
    </Image>
    <Image Include="icons\green_folders_joystick.ico">
      <Filter>Resource Files</Filter>
    </Image>
    <Image Include="icons\green_folders_link.ico">
      <Filter>Resource Files</Filter>
    </Image>
    <Image Include="icons\green_folders_music.ico">
      <Filter>Resource Files</Filter>
    </Image>
    <Image Include="icons\green_folders_pacman.ico">
      <Filter>Resource Files</Filter>
    </Image>
    <Image Include="icons\green_folders_pictures.ico">
      <Filter>Resource Files</Filter>
    </Image>
    <Image Include="icons\green_folders_search.ico">
      <Filter>Resource Files</Filter>
    </Image>
    <Image Include="icons\green_folders_steam.ico">
      <Filter>Resource Files</Filter>
    </Image>
    <Image Include="icons\green_folders_user.ico">
      <Filter>Resource Files</Filter>
    </Image>
    <Image Include="icons\green_folders_videos.ico">
      <Filter>Resource Files</Filter>
    </Image>
    <Image Include="icons\green_folders_zip.ico">
      <Filter>Resource Files</Filter>
    </Image>
    <Image Include="icons\purple_folders_3d_objects.ico">
      <Filter>Resource Files</Filter>
    </Image>
    <Image Include="icons\purple_folders_cloud.ico">
      <Filter>Resource Files</Filter>
    </Image>
    <Image Include="icons\purple_folders_contacts.ico">
      <Filter>Resource Files</Filter>
    </Image>
    <Image Include="icons\purple_folders_desktop.ico">
      <Filter>Resource Files</Filter>
    </Image>
    <Image Include="icons\purple_folders_documents.ico">
      <Filter>Resource Files</Filter>
    </Image>
    <Image Include="icons\purple_folders_downloads.ico">
      <Filter>Resource Files</Filter>
    </Image>
    <Image Include="icons\purple_folders_drive.ico">
      <Filter>Resource Files</Filter>
    </Image>
    <Image Include="icons\purple_folders_drop_box.ico">
      <Filter>Resource Files</Filter>
    </Image>
    <Image Include="icons\purple_folders_favorite.ico">
      <Filter>Resource Files</Filter>
    </Image>
    <Image Include="icons\purple_folders_folder.ico">
      <Filter>Resource Files</Filter>
    </Image>
    <Image Include="icons\purple_folders_games.ico">
      <Filter>Resource Files</Filter>
    </Image>
    <Image Include="icons\purple_folders_google_drive.ico">
      <Filter>Resource Files</Filter>
    </Image>
    <Image Include="icons\purple_folders_joystick.ico">
      <Filter>Resource Files</Filter>
    </Image>
    <Image Include="icons\purple_folders_link.ico">
      <Filter>Resource Files</Filter>
    </Image>
    <Image Include="icons\purple_folders_music.ico">
      <Filter>Resource Files</Filter>
    </Image>
    <Image Include="icons\purple_folders_pacman.ico">
      <Filter>Resource Files</Filter>
    </Image>
    <Image Include="icons\purple_folders_pictures.ico">
      <Filter>Resource Files</Filter>
    </Image>
    <Image Include="icons\purple_folders_search.ico">
      <Filter>Resource Files</Filter>
    </Image>
    <Image Include="icons\purple_folders_steam.ico">
      <Filter>Resource Files</Filter>
    </Image>
    <Image Include="icons\purple_folders_user.ico">
      <Filter>Resource Files</Filter>
    </Image>
    <Image Include="icons\purple_folders_videos.ico">
      <Filter>Resource Files</Filter>
    </Image>
    <Image Include="icons\purple_folders_zip.ico">
      <Filter>Resource Files</Filter>
    </Image>
    <Image Include="icons\slate_folder_3d_objects.ico">
      <Filter>Resource Files</Filter>
    </Image>
    <Image Include="icons\slate_folder_cloud.ico">
      <Filter>Resource Files</Filter>
    </Image>
    <Image Include="icons\slate_folder_contacts.ico">
      <Filter>Resource Files</Filter>
    </Image>
    <Image Include="icons\slate_folder_desktop.ico">
      <Filter>Resource Files</Filter>
    </Image>
    <Image Include="icons\slate_folder_documents.ico">
      <Filter>Resource Files</Filter>
    </Image>
    <Image Include="icons\slate_folder_downloads.ico">
      <Filter>Resource Files</Filter>
    </Image>
    <Image Include="icons\slate_folder_drive.ico">
      <Filter>Resource Files</Filter>
    </Image>
    <Image Include="icons\slate_folder_drop_box.ico">
      <Filter>Resource Files</Filter>
    </Image>
    <Image Include="icons\slate_folder_favorite.ico">
      <Filter>Resource Files</Filter>
    </Image>
    <Image Include="icons\slate_folder_folder.ico">
      <Filter>Resource Files</Filter>
    </Image>
    <Image Include="icons\slate_folder_games.ico">
      <Filter>Resource Files</Filter>
    </Image>
    <Image Include="icons\slate_folder_google_drive.ico">
      <Filter>Resource Files</Filter>
    </Image>
    <Image Include="icons\slate_folder_joystick.ico">
      <Filter>Resource Files</Filter>
    </Image>
    <Image Include="icons\slate_folder_link.ico">
      <Filter>Resource Files</Filter>
    </Image>
    <Image Include="icons\slate_folder_music.ico">
      <Filter>Resource Files</Filter>
    </Image>
    <Image Include="icons\slate_folder_pacman.ico">
      <Filter>Resource Files</Filter>
    </Image>
    <Image Include="icons\slate_folder_pictures.ico">
      <Filter>Resource Files</Filter>
    </Image>
    <Image Include="icons\slate_folder_search.ico">
      <Filter>Resource Files</Filter>
    </Image>
    <Image Include="icons\slate_folder_steam.ico">
      <Filter>Resource Files</Filter>
    </Image>
    <Image Include="icons\slate_folder_user.ico">
      <Filter>Resource Files</Filter>
    </Image>
    <Image Include="icons\slate_folder_videos.ico">
      <Filter>Resource Files</Filter>
    </Image>
    <Image Include="icons\slate_folder_zip.ico">
      <Filter>Resource Files</Filter>
    </Image>
    <Image Include="icons\yellow_folder_3d_objects.ico">
      <Filter>Resource Files</Filter>
    </Image>
    <Image Include="icons\yellow_folder_cloud.ico">
      <Filter>Resource Files</Filter>
    </Image>
    <Image Include="icons\yellow_folder_contacts.ico">
      <Filter>Resource Files</Filter>
    </Image>
    <Image Include="icons\yellow_folder_desktop.ico">
      <Filter>Resource Files</Filter>
    </Image>
    <Image Include="icons\yellow_folder_documents.ico">
      <Filter>Resource Files</Filter>
    </Image>
    <Image Include="icons\yellow_folder_downloads.ico">
      <Filter>Resource Files</Filter>
    </Image>
    <Image Include="icons\yellow_folder_drive.ico">
      <Filter>Resource Files</Filter>
    </Image>
    <Image Include="icons\yellow_folder_drop_box.ico">
      <Filter>Resource Files</Filter>
    </Image>
    <Image Include="icons\yellow_folder_favorite.ico">
      <Filter>Resource Files</Filter>
    </Image>
    <Image Include="icons\yellow_folder_folder.ico">
      <Filter>Resource Files</Filter>
    </Image>
    <Image Include="icons\yellow_folder_games.ico">
      <Filter>Resource Files</Filter>
    </Image>
    <Image Include="icons\yellow_folder_google_drive.ico">
      <Filter>Resource Files</Filter>
    </Image>
    <Image Include="icons\yellow_folder_joystick.ico">
      <Filter>Resource Files</Filter>
    </Image>
    <Image Include="icons\yellow_folder_link.ico">
      <Filter>Resource Files</Filter>
    </Image>
    <Image Include="icons\yellow_folder_music.ico">
      <Filter>Resource Files</Filter>
    </Image>
    <Image Include="icons\yellow_folder_pacman.ico">
      <Filter>Resource Files</Filter>
    </Image>
    <Image Include="icons\yellow_folder_pictures.ico">
      <Filter>Resource Files</Filter>
    </Image>
    <Image Include="icons\yellow_folder_search.ico">
      <Filter>Resource Files</Filter>
    </Image>
    <Image Include="icons\yellow_folder_steam.ico">
      <Filter>Resource Files</Filter>
    </Image>
    <Image Include="icons\yellow_folder_user.ico">
      <Filter>Resource Files</Filter>
    </Image>
    <Image Include="icons\yellow_folder_videos.ico">
      <Filter>Resource Files</Filter>
    </Image>
    <Image Include="icons\yellow_folder_zip.ico">
      <Filter>Resource Files</Filter>
    </Image>
  </ItemGroup>
</Project>
